{"schema_version":"ailuo.project.v1","project_id":"ailuo","project_manifest_sha256":"4d5d7943fae16bcd50210cced7bfa9de88eb8805cccb0f164338e7499b4ec84a","packages":[{"id":"agent","version":"1.0.0","source":"path:packages/agent","manifest_sha256":"54dcb467f8018fefe077665f3480f8fed066d3ae916d667a6fb56be5906141df","lock_sha256":"474ae4df7228b35f27f8053de64d133609200f6e89050b3f2a2c676b67c6ebdf"},{"id":"campus","version":"1.0.0","source":"path:packages/campus-bus","manifest_sha256":"5b19f293ab13be5ae473286dcaae25ce9d3ec8ff90d4a03069d53c392f531bd4","lock_sha256":"cdae81c74b8f93cad5c9201ba554bf1b26dec43030350b1af5294b2f4982ed93"}]}