{"schema_version":"ailuo.project.v1","project_id":"ailuo","project_manifest_sha256":"8afc777ddef9283bb6794757d056cf58473445037e7eb3d6faab9f2cc51de551","packages":[{"id":"agent","version":"1.0.0","source":"path:packages/agent","manifest_sha256":"a7ffe3c2d7dfaf5997607f2c1f13559dae98263dfe57245bfc484de3af077de3","lock_sha256":"89d90d77bec0e9da3d313a94bf7a96c8c3910734d904104d62792b703d6d3c9e"},{"id":"calendar","version":"1.0.0","source":"path:packages/calendar","manifest_sha256":"941746659a75a6461c1afe34324c2a8fc1519da31f4a3696064e27d93091f3eb","lock_sha256":"5283b9d092228a0509e4fe29156c91740e0e5132d8e082751c692fea8d123577"},{"id":"campus","version":"1.0.0","source":"path:packages/campus-bus","manifest_sha256":"0e0a20b9f6e32df6a5fa61bc7e16a06845d31deed14e469c277d268189e7052b","lock_sha256":"29cc0e7dc4b7bf9023a4568aff3f26195ed618d8aa2eb2e683059767454ece26"},{"id":"classroom","version":"1.0.0","source":"path:packages/classroom","manifest_sha256":"b26289438e01158d3de8dfa8ca40ccd1ec53b3a160c672c63478922698563f0c","lock_sha256":"a5809a4741764d7e09f1b05cb08786246e63b7391f9e132c3b607d7e3fd44193"},{"id":"ecard","version":"1.0.0","source":"path:packages/ecard","manifest_sha256":"66e9e9e6e352b94ef039efa7e5a69b6b726a46302c41c8ae3389dabb168c0d1d","lock_sha256":"1bd6c7203d777e3b424b60c9aac74d6c3b3f94b8280fac1b40b011da8e14c6a8"},{"id":"library","version":"1.0.0","source":"path:packages/library","manifest_sha256":"b1f1254eed776b95f4f74d41e8cf57b7a450c8e4787e3593e03cb9db32e792b3","lock_sha256":"eb9644e28f6df449f768ef25032ad3da788e210b7a8fbb322d5ef327fb0531f1"},{"id":"sports","version":"1.0.0","source":"path:packages/sports","manifest_sha256":"916c97dcfde249ecdf94db5b9a3e3701fa2b843423a3707819197ee8af92e2b3","lock_sha256":"99c81e6f89e658f92c5c57ca3f63a1ddd4e24f3cb240e6efb37c53eb43ebb15a"},{"id":"timetable","version":"1.0.0","source":"path:packages/timetable","manifest_sha256":"2f01b7dbf45ea4e92e3662d703697d61602b14b1993dbf446247efbbbac13d8b","lock_sha256":"78bdea3b0d503379451866af709c6a5de255f9d3e8cb8a42aa37a5e1d94c28d7"},{"id":"weather","version":"1.0.0","source":"path:packages/weather","manifest_sha256":"5ea16e59df6ebeda664711674e2fbed237f16f682e256758592dd477b22d6898","lock_sha256":"ae01aaa1abf458df983fe37f69fc854b6caef08cae60aaba242f037c5342ffd7"}]}