{"schema_version":"ailuo.project.v1","project_id":"ailuo","project_manifest_sha256":"4d5d7943fae16bcd50210cced7bfa9de88eb8805cccb0f164338e7499b4ec84a","packages":[{"id":"agent","version":"1.0.0","source":"path:packages/agent","manifest_sha256":"695dfc0e5efc278c84865bb4ec3f0b18b4342a0374a4b4d3473988ba059218ce","lock_sha256":"6a7af04d02cbbb266a8e9202151949f13504381dc5640b1483bb340be3268855"},{"id":"campus","version":"1.0.0","source":"path:packages/campus-bus","manifest_sha256":"22f94ad477ca2b1f8d507ae096995889c0463f875a5c494e61cbc30f9c6b65fc","lock_sha256":"1bd6942579148f6a6a9b4adb7893ab877fa3c53ea0c9dcc99cdfca3a993b43ad"}]}